
Microsoft Visual Studio Solution File, Format Version 12.00
# Visual Studio Version 16
VisualStudioVersion = 16.0.31729.503
MinimumVisualStudioVersion = 10.0.40219.1
Project("{FAE04EC0-301F-11D3-BF4B-00C04F79EFBC}") = "Northwind.Dal", "Northwind.Dal\Northwind.Dal.csproj", "{890FE4C5-B8DD-46C9-9860-6847BC4A0465}"
EndProject
Project("{FAE04EC0-301F-11D3-BF4B-00C04F79EFBC}") = "Northwind.Bll", "Northwind.Bll\Northwind.Bll.csproj", "{99B21127-1C4B-4F30-9E16-CDFD1E223D46}"
EndProject
Project("{FAE04EC0-301F-11D3-BF4B-00C04F79EFBC}") = "Northwind.Entity", "Northwind.Entity\Northwind.Entity.csproj", "{B68E71A8-5FEF-4E15-8D6B-C3EFD8090728}"
EndProject
Project("{FAE04EC0-301F-11D3-BF4B-00C04F79EFBC}") = "Northwind.Interface", "Northwind.Interface\Northwind.Interface.csproj", "{7AF5FEFA-4B95-47BB-A3D7-597A98BC81ED}"
EndProject
Project("{FAE04EC0-301F-11D3-BF4B-00C04F79EFBC}") = "Northwind.WepApi", "Northwind.WepApi\Northwind.WepApi.csproj", "{D5C911F5-C30A-41C1-955A-0D8E676DDB36}"
EndProject
Global
	GlobalSection(SolutionConfigurationPlatforms) = preSolution
		Debug|Any CPU = Debug|Any CPU
		Release|Any CPU = Release|Any CPU
	EndGlobalSection
	GlobalSection(ProjectConfigurationPlatforms) = postSolution
		{890FE4C5-B8DD-46C9-9860-6847BC4A0465}.Debug|Any CPU.ActiveCfg = Debug|Any CPU
		{890FE4C5-B8DD-46C9-9860-6847BC4A0465}.Debug|Any CPU.Build.0 = Debug|Any CPU
		{890FE4C5-B8DD-46C9-9860-6847BC4A0465}.Release|Any CPU.ActiveCfg = Release|Any CPU
		{890FE4C5-B8DD-46C9-9860-6847BC4A0465}.Release|Any CPU.Build.0 = Release|Any CPU
		{99B21127-1C4B-4F30-9E16-CDFD1E223D46}.Debug|Any CPU.ActiveCfg = Debug|Any CPU
		{99B21127-1C4B-4F30-9E16-CDFD1E223D46}.Debug|Any CPU.Build.0 = Debug|Any CPU
		{99B21127-1C4B-4F30-9E16-CDFD1E223D46}.Release|Any CPU.ActiveCfg = Release|Any CPU
		{99B21127-1C4B-4F30-9E16-CDFD1E223D46}.Release|Any CPU.Build.0 = Release|Any CPU
		{B68E71A8-5FEF-4E15-8D6B-C3EFD8090728}.Debug|Any CPU.ActiveCfg = Debug|Any CPU
		{B68E71A8-5FEF-4E15-8D6B-C3EFD8090728}.Debug|Any CPU.Build.0 = Debug|Any CPU
		{B68E71A8-5FEF-4E15-8D6B-C3EFD8090728}.Release|Any CPU.ActiveCfg = Release|Any CPU
		{B68E71A8-5FEF-4E15-8D6B-C3EFD8090728}.Release|Any CPU.Build.0 = Release|Any CPU
		{7AF5FEFA-4B95-47BB-A3D7-597A98BC81ED}.Debug|Any CPU.ActiveCfg = Debug|Any CPU
		{7AF5FEFA-4B95-47BB-A3D7-597A98BC81ED}.Debug|Any CPU.Build.0 = Debug|Any CPU
		{7AF5FEFA-4B95-47BB-A3D7-597A98BC81ED}.Release|Any CPU.ActiveCfg = Release|Any CPU
		{7AF5FEFA-4B95-47BB-A3D7-597A98BC81ED}.Release|Any CPU.Build.0 = Release|Any CPU
		{D5C911F5-C30A-41C1-955A-0D8E676DDB36}.Debug|Any CPU.ActiveCfg = Debug|Any CPU
		{D5C911F5-C30A-41C1-955A-0D8E676DDB36}.Debug|Any CPU.Build.0 = Debug|Any CPU
		{D5C911F5-C30A-41C1-955A-0D8E676DDB36}.Release|Any CPU.ActiveCfg = Release|Any CPU
		{D5C911F5-C30A-41C1-955A-0D8E676DDB36}.Release|Any CPU.Build.0 = Release|Any CPU
	EndGlobalSection
	GlobalSection(SolutionProperties) = preSolution
		HideSolutionNode = FALSE
	EndGlobalSection
	GlobalSection(ExtensibilityGlobals) = postSolution
		SolutionGuid = {89DEA4C6-D474-4848-AE8D-9A03CDB35CFF}
	EndGlobalSection
EndGlobal
